// !$*UTF8*$!
{
	archiveVersion = 1;
	classes = {
	};
	objectVersion = 46;
	objects = {

/* Begin PBXBuildFile section */
		2AA3B4261CBDD81200785BDD /* AppDelegate.swift in Sources */ = {isa = PBXBuildFile; fileRef = 2AA3B4251CBDD81200785BDD /* AppDelegate.swift */; };
		2AA3B4281CBDD81200785BDD /* ViewController.swift in Sources */ = {isa = PBXBuildFile; fileRef = 2AA3B4271CBDD81200785BDD /* ViewController.swift */; };
		2AA3B42B1CBDD81200785BDD /* Main.storyboard in Resources */ = {isa = PBXBuildFile; fileRef = 2AA3B4291CBDD81200785BDD /* Main.storyboard */; };
		2AA3B42D1CBDD81200785BDD /* Assets.xcassets in Resources */ = {isa = PBXBuildFile; fileRef = 2AA3B42C1CBDD81200785BDD /* Assets.xcassets */; };
		2AA3B4301CBDD81200785BDD /* LaunchScreen.storyboard in Resources */ = {isa = PBXBuildFile; fileRef = 2AA3B42E1CBDD81200785BDD /* LaunchScreen.storyboard */; };
		2AA3B4381CBDDEBB00785BDD /* pokemon.csv in Resources */ = {isa = PBXBuildFile; fileRef = 2AA3B4371CBDDEBB00785BDD /* pokemon.csv */; };
/* End PBXBuildFile section */

/* Begin PBXFileReference section */
		2AA3B4221CBDD81200785BDD /* Pokedex-By-Kim-Devslopes.app */ = {isa = PBXFileReference; explicitFileType = wrapper.application; includeInIndex = 0; path = "Pokedex-By-Kim-Devslopes.app"; sourceTree = BUILT_PRODUCTS_DIR; };
		2AA3B4251CBDD81200785BDD /* AppDelegate.swift */ = {isa = PBXFileReference; lastKnownFileType = sourcecode.swift; path = AppDelegate.swift; sourceTree = "<group>"; };
		2AA3B4271CBDD81200785BDD /* ViewController.swift */ = {isa = PBXFileReference; lastKnownFileType = sourcecode.swift; path = ViewController.swift; sourceTree = "<group>"; };
		2AA3B42A1CBDD81200785BDD /* Base */ = {isa = PBXFileReference; lastKnownFileType = file.storyboard; name = Base; path = Base.lproj/Main.storyboard; sourceTree = "<group>"; };
		2AA3B42C1CBDD81200785BDD /* Assets.xcassets */ = {isa = PBXFileReference; lastKnownFileType = folder.assetcatalog; path = Assets.xcassets; sourceTree = "<group>"; };
		2AA3B42F1CBDD81200785BDD /* Base */ = {isa = PBXFileReference; lastKnownFileType = file.storyboard; name = Base; path = Base.lproj/LaunchScreen.storyboard; sourceTree = "<group>"; };
		2AA3B4311CBDD81200785BDD /* Info.plist */ = {isa = PBXFileReference; lastKnownFileType = text.plist.xml; path = Info.plist; sourceTree = "<group>"; };
		2AA3B4371CBDDEBB00785BDD /* pokemon.csv */ = {isa = PBXFileReference; fileEncoding = 4; lastKnownFileType = text; path = pokemon.csv; sourceTree = "<group>"; };
/* End PBXFileReference section */

/* Begin PBXFrameworksBuildPhase section */
		2AA3B41F1CBDD81200785BDD /* Frameworks */ = {
			isa = PBXFrameworksBuildPhase;
			buildActionMask = 2147483647;
			files = (
			);
			runOnlyForDeploymentPostprocessing = 0;
		};
/* End PBXFrameworksBuildPhase section */

/* Begin PBXGroup section */
		2AA3B4191CBDD81200785BDD = {
			isa = PBXGroup;
			children = (
				2AA3B4241CBDD81200785BDD /* Pokedex-By-Kim-Devslopes */,
				2AA3B4231CBDD81200785BDD /* Products */,
			);
			sourceTree = "<group>";
		};
		2AA3B4231CBDD81200785BDD /* Products */ = {
			isa = PBXGroup;
			children = (
				2AA3B4221CBDD81200785BDD /* Pokedex-By-Kim-Devslopes.app */,
			);
			name = Products;
			sourceTree = "<group>";
		};
		2AA3B4241CBDD81200785BDD /* Pokedex-By-Kim-Devslopes */ = {
			isa = PBXGroup;
			children = (
				2AA3B4371CBDDEBB00785BDD /* pokemon.csv */,
				2AA3B4251CBDD81200785BDD /* AppDelegate.swift */,
				2AA3B4271CBDD81200785BDD /* ViewController.swift */,
				2AA3B4291CBDD81200785BDD /* Main.storyboard */,
				2AA3B42C1CBDD81200785BDD /* Assets.xcassets */,
				2AA3B42E1CBDD81200785BDD /* LaunchScreen.storyboard */,
				2AA3B4311CBDD81200785BDD /* Info.plist */,
			);
			path = "Pokedex-By-Kim-Devslopes";
			sourceTree = "<group>";
		};
/* End PBXGroup section */

/* Begin PBXNativeTarget section */
		2AA3B4211CBDD81200785BDD /* Pokedex-By-Kim-Devslopes */ = {
			isa = PBXNativeTarget;
			buildConfigurationList = 2AA3B4341CBDD81200785BDD /* Build configuration list for PBXNativeTarget "Pokedex-By-Kim-Devslopes" */;
			buildPhases = (
				2AA3B41E1CBDD81200785BDD /* Sources */,
				2AA3B41F1CBDD81200785BDD /* Frameworks */,
				2AA3B4201CBDD81200785BDD /* Resources */,
			);
			buildRules = (
			);
			dependencies = (
			);
			name = "Pokedex-By-Kim-Devslopes";
			productName = "Pokedex-By-Kim-Devslopes";
			productReference = 2AA3B4221CBDD81200785BDD /* Pokedex-By-Kim-Devslopes.app */;
			productType = "com.apple.product-type.application";
		};
/* End PBXNativeTarget section */

/* Begin PBXProject section */
		2AA3B41A1CBDD81200785BDD /* Project object */ = {
			isa = PBXProject;
			attributes = {
				LastSwiftUpdateCheck = 0730;
				LastUpgradeCheck = 0730;
				ORGANIZATIONNAME = "Kimberly Abuschinow";
				TargetAttributes = {
					2AA3B4211CBDD81200785BDD = {
						CreatedOnToolsVersion = 7.3;
						DevelopmentTeam = S9BXB3625C;
					};
				};
			};
			buildConfigurationList = 2AA3B41D1CBDD81200785BDD /* Build configuration list for PBXProject "Pokedex-By-Kim-Devslopes" */;
			compatibilityVersion = "Xcode 3.2";
			developmentRegion = English;
			hasScannedForEncodings = 0;
			knownRegions = (
				en,
				Base,
			);
			mainGroup = 2AA3B4191CBDD81200785BDD;
			productRefGroup = 2AA3B4231CBDD81200785BDD /* Products */;
			projectDirPath = "";
			projectRoot = "";
			targets = (
				2AA3B4211CBDD81200785BDD /* Pokedex-By-Kim-Devslopes */,
			);
		};
/* End PBXProject section */

/* Begin PBXResourcesBuildPhase section */
		2AA3B4201CBDD81200785BDD /* Resources */ = {
			isa = PBXResourcesBuildPhase;
			buildActionMask = 2147483647;
			files = (
				2AA3B4301CBDD81200785BDD /* LaunchScreen.storyboard in Resources */,
				2AA3B42D1CBDD81200785BDD /* Assets.xcassets in Resources */,
				2AA3B4381CBDDEBB00785BDD /* pokemon.csv in Resources */,
				2AA3B42B1CBDD81200785BDD /* Main.storyboard in Resources */,
			);
			runOnlyForDeploymentPostprocessing = 0;
		};
/* End PBXResourcesBuildPhase section */

/* Begin PBXSourcesBuildPhase section */
		2AA3B41E1CBDD81200785BDD /* Sources */ = {
			isa = PBXSourcesBuildPhase;
			buildActionMask = 2147483647;
			files = (
				2AA3B4281CBDD81200785BDD /* ViewController.swift in Sources */,
				2AA3B4261CBDD81200785BDD /* AppDelegate.swift in Sources */,
			);
			runOnlyForDeploymentPostprocessing = 0;
		};
/* End PBXSourcesBuildPhase section */

/* Begin PBXVariantGroup section */
		2AA3B4291CBDD81200785BDD /* Main.storyboard */ = {
			isa = PBXVariantGroup;
			children = (
				2AA3B42A1CBDD81200785BDD /* Base */,
			);
			name = Main.storyboard;
			sourceTree = "<group>";
		};
		2AA3B42E1CBDD81200785BDD /* LaunchScreen.storyboard */ = {
			isa = PBXVariantGroup;
			children = (
				2AA3B42F1CBDD81200785BDD /* Base */,
			);
			name = LaunchScreen.storyboard;
			sourceTree = "<group>";
		};
/* End PBXVariantGroup section */

/* Begin XCBuildConfiguration section */
		2AA3B4321CBDD81200785BDD /* Debug */ = {
			isa = XCBuildConfiguration;
			buildSettings = {
				ALWAYS_SEARCH_USER_PATHS = NO;
				CLANG_ANALYZER_NONNULL = YES;
				CLANG_CXX_LANGUAGE_STANDARD = "gnu++0x";
				CLANG_CXX_LIBRARY = "libc++";
				CLANG_ENABLE_MODULES = YES;
				CLANG_ENABLE_OBJC_ARC = YES;
				CLANG_WARN_BOOL_CONVERSION = YES;
				CLANG_WARN_CONSTANT_CONVERSION = YES;
				CLANG_WARN_DIRECT_OBJC_ISA_USAGE = YES_ERROR;
				CLANG_WARN_EMPTY_BODY = YES;
				CLANG_WARN_ENUM_CONVERSION = YES;
				CLANG_WARN_INT_CONVERSION = YES;
				CLANG_WARN_OBJC_ROOT_CLASS = YES_ERROR;
				CLANG_WARN_UNREACHABLE_CODE = YES;
				CLANG_WARN__DUPLICATE_METHOD_MATCH = YES;
				"CODE_SIGN_IDENTITY[sdk=iphoneos*]" = "iPhone Developer";
				COPY_PHASE_STRIP = NO;
				DEBUG_INFORMATION_FORMAT = dwarf;
				ENABLE_STRICT_OBJC_MSGSEND = YES;
				ENABLE_TESTABILITY = YES;
				GCC_C_LANGUAGE_STANDARD = gnu99;
				GCC_DYNAMIC_NO_PIC = NO;
				GCC_NO_COMMON_BLOCKS = YES;
				GCC_OPTIMIZATION_LEVEL = 0;
				GCC_PREPROCESSOR_DEFINITIONS = (
					"DEBUG=1",
					"$(inherited)",
				);
				GCC_WARN_64_TO_32_BIT_CONVERSION = YES;
				GCC_WARN_ABOUT_RETURN_TYPE = YES_ERROR;
				GCC_WARN_UNDECLARED_SELECTOR = YES;
				GCC_WARN_UNINITIALIZED_AUTOS = YES_AGGRESSIVE;
				GCC_WARN_UNUSED_FUNCTION = YES;
				GCC_WARN_UNUSED_VARIABLE = YES;
				IPHONEOS_DEPLOYMENT_TARGET = 9.3;
				MTL_ENABLE_DEBUG_INFO = YES;
				ONLY_ACTIVE_ARCH = YES;
				SDKROOT = iphoneos;
				SWIFT_OPTIMIZATION_LEVEL = "-Onone";
				TARGETED_DEVICE_FAMILY = "1,2";
			};
			name = Debug;
		};
		2AA3B4331CBDD81200785BDD /* Release */ = {
			isa = XCBuildConfiguration;
			buildSettings = {
				ALWAYS_SEARCH_USER_PATHS = NO;
				CLANG_ANALYZER_NONNULL = YES;
				CLANG_CXX_LANGUAGE_STANDARD = "gnu++0x";
				CLANG_CXX_LIBRARY = "libc++";
				CLANG_ENABLE_MODULES = YES;
				CLANG_ENABLE_OBJC_ARC = YES;
				CLANG_WARN_BOOL_CONVERSION = YES;
				CLANG_WARN_CONSTANT_CONVERSION = YES;
				CLANG_WARN_DIRECT_OBJC_ISA_USAGE = YES_ERROR;
				CLANG_WARN_EMPTY_BODY = YES;
				CLANG_WARN_ENUM_CONVERSION = YES;
				CLANG_WARN_INT_CONVERSION = YES;
				CLANG_WARN_OBJC_ROOT_CLASS = YES_ERROR;
				CLANG_WARN_UNREACHABLE_CODE = YES;
				CLANG_WARN__DUPLICATE_METHOD_MATCH = YES;
				"CODE_SIGN_IDENTITY[sdk=iphoneos*]" = "iPhone Developer";
				COPY_PHASE_STRIP = NO;
				DEBUG_INFORMATION_FORMAT = "dwarf-with-dsym";
				ENABLE_NS_ASSERTIONS = NO;
				ENABLE_STRICT_OBJC_MSGSEND = YES;
				GCC_C_LANGUAGE_STANDARD = gnu99;
				GCC_NO_COMMON_BLOCKS = YES;
				GCC_WARN_64_TO_32_BIT_CONVERSION = YES;
				GCC_WARN_ABOUT_RETURN_TYPE = YES_ERROR;
				GCC_WARN_UNDECLARED_SELECTOR = YES;
				GCC_WARN_UNINITIALIZED_AUTOS = YES_AGGRESSIVE;
				GCC_WARN_UNUSED_FUNCTION = YES;
				GCC_WARN_UNUSED_VARIABLE = YES;
				IPHONEOS_DEPLOYMENT_TARGET = 9.3;
				MTL_ENABLE_DEBUG_INFO = NO;
				SDKROOT = iphoneos;
				TARGETED_DEVICE_FAMILY = "1,2";
				VALIDATE_PRODUCT = YES;
			};
			name = Release;
		};
		2AA3B4351CBDD81200785BDD /* Debug */ = {
			isa = XCBuildConfiguration;
			buildSettings = {
				ASSETCATALOG_COMPILER_APPICON_NAME = AppIcon;
				INFOPLIST_FILE = "Pokedex-By-Kim-Devslopes/Info.plist";
				LD_RUNPATH_SEARCH_PATHS = "$(inherited) @executable_path/Frameworks";
				PRODUCT_BUNDLE_IDENTIFIER = "com.KimberlyAbuschinow.Pokedex-By-Kim-Devslopes";
				PRODUCT_NAME = "$(TARGET_NAME)";
			};
			name = Debug;
		};
		2AA3B4361CBDD81200785BDD /* Release */ = {
			isa = XCBuildConfiguration;
			buildSettings = {
				ASSETCATALOG_COMPILER_APPICON_NAME = AppIcon;
				INFOPLIST_FILE = "Pokedex-By-Kim-Devslopes/Info.plist";
				LD_RUNPATH_SEARCH_PATHS = "$(inherited) @executable_path/Frameworks";
				PRODUCT_BUNDLE_IDENTIFIER = "com.KimberlyAbuschinow.Pokedex-By-Kim-Devslopes";
				PRODUCT_NAME = "$(TARGET_NAME)";
			};
			name = Release;
		};
/* End XCBuildConfiguration section */

/* Begin XCConfigurationList section */
		2AA3B41D1CBDD81200785BDD /* Build configuration list for PBXProject "Pokedex-By-Kim-Devslopes" */ = {
			isa = XCConfigurationList;
			buildConfigurations = (
				2AA3B4321CBDD81200785BDD /* Debug */,
				2AA3B4331CBDD81200785BDD /* Release */,
			);
			defaultConfigurationIsVisible = 0;
			defaultConfigurationName = Release;
		};
		2AA3B4341CBDD81200785BDD /* Build configuration list for PBXNativeTarget "Pokedex-By-Kim-Devslopes" */ = {
			isa = XCConfigurationList;
			buildConfigurations = (
				2AA3B4351CBDD81200785BDD /* Debug */,
				2AA3B4361CBDD81200785BDD /* Release */,
			);
			defaultConfigurationIsVisible = 0;
		};
/* End XCConfigurationList section */
	};
	rootObject = 2AA3B41A1CBDD81200785BDD /* Project object */;
}
